// !$*UTF8*$!
{
	archiveVersion = 1;
	classes = {
	};
	objectVersion = 55;
	objects = {

/* Begin PBXBuildFile section */
		9A4ACECD27E108910064541F /* NewsApp_SwiftUIApp.swift in Sources */ = {isa = PBXBuildFile; fileRef = 9A4ACECC27E108910064541F /* NewsApp_SwiftUIApp.swift */; };
		9A4ACED127E108950064541F /* Assets.xcassets in Resources */ = {isa = PBXBuildFile; fileRef = 9A4ACED027E108950064541F /* Assets.xcassets */; };
		9A4ACED427E108950064541F /* Preview Assets.xcassets in Resources */ = {isa = PBXBuildFile; fileRef = 9A4ACED327E108950064541F /* Preview Assets.xcassets */; };
		9A4ACEDB27E108F50064541F /* NewsSourceListScreen.swift in Sources */ = {isa = PBXBuildFile; fileRef = 9A4ACEDA27E108F50064541F /* NewsSourceListScreen.swift */; };
		9A4ACEDD27E109160064541F /* NewsListScreen.swift in Sources */ = {isa = PBXBuildFile; fileRef = 9A4ACEDC27E109160064541F /* NewsListScreen.swift */; };
		9A4ACEE027E109440064541F /* Webservice.swift in Sources */ = {isa = PBXBuildFile; fileRef = 9A4ACEDF27E109440064541F /* Webservice.swift */; };
		9A4ACEE327E109720064541F /* Constants.swift in Sources */ = {isa = PBXBuildFile; fileRef = 9A4ACEE227E109720064541F /* Constants.swift */; };
		9A4ACEE627E1099E0064541F /* NewsArticle.swift in Sources */ = {isa = PBXBuildFile; fileRef = 9A4ACEE527E1099E0064541F /* NewsArticle.swift */; };
		9A4ACEE827E109C80064541F /* NewsSource.swift in Sources */ = {isa = PBXBuildFile; fileRef = 9A4ACEE727E109C80064541F /* NewsSource.swift */; };
		9A4ACEEB27E10AC90064541F /* NewsArticleListViewModel.swift in Sources */ = {isa = PBXBuildFile; fileRef = 9A4ACEEA27E10AC90064541F /* NewsArticleListViewModel.swift */; };
		9A4ACEED27E10ADD0064541F /* NewsSourceListViewModel.swift in Sources */ = {isa = PBXBuildFile; fileRef = 9A4ACEEC27E10ADD0064541F /* NewsSourceListViewModel.swift */; };
/* End PBXBuildFile section */

/* Begin PBXFileReference section */
		9A4ACEC927E108910064541F /* NewsApp-SwiftUI.app */ = {isa = PBXFileReference; explicitFileType = wrapper.application; includeInIndex = 0; path = "NewsApp-SwiftUI.app"; sourceTree = BUILT_PRODUCTS_DIR; };
		9A4ACECC27E108910064541F /* NewsApp_SwiftUIApp.swift */ = {isa = PBXFileReference; lastKnownFileType = sourcecode.swift; path = NewsApp_SwiftUIApp.swift; sourceTree = "<group>"; };
		9A4ACED027E108950064541F /* Assets.xcassets */ = {isa = PBXFileReference; lastKnownFileType = folder.assetcatalog; path = Assets.xcassets; sourceTree = "<group>"; };
		9A4ACED327E108950064541F /* Preview Assets.xcassets */ = {isa = PBXFileReference; lastKnownFileType = folder.assetcatalog; path = "Preview Assets.xcassets"; sourceTree = "<group>"; };
		9A4ACEDA27E108F50064541F /* NewsSourceListScreen.swift */ = {isa = PBXFileReference; lastKnownFileType = sourcecode.swift; path = NewsSourceListScreen.swift; sourceTree = "<group>"; };
		9A4ACEDC27E109160064541F /* NewsListScreen.swift */ = {isa = PBXFileReference; lastKnownFileType = sourcecode.swift; path = NewsListScreen.swift; sourceTree = "<group>"; };
		9A4ACEDF27E109440064541F /* Webservice.swift */ = {isa = PBXFileReference; lastKnownFileType = sourcecode.swift; path = Webservice.swift; sourceTree = "<group>"; };
		9A4ACEE227E109720064541F /* Constants.swift */ = {isa = PBXFileReference; lastKnownFileType = sourcecode.swift; path = Constants.swift; sourceTree = "<group>"; };
		9A4ACEE527E1099E0064541F /* NewsArticle.swift */ = {isa = PBXFileReference; lastKnownFileType = sourcecode.swift; path = NewsArticle.swift; sourceTree = "<group>"; };
		9A4ACEE727E109C80064541F /* NewsSource.swift */ = {isa = PBXFileReference; lastKnownFileType = sourcecode.swift; path = NewsSource.swift; sourceTree = "<group>"; };
		9A4ACEEA27E10AC90064541F /* NewsArticleListViewModel.swift */ = {isa = PBXFileReference; lastKnownFileType = sourcecode.swift; path = NewsArticleListViewModel.swift; sourceTree = "<group>"; };
		9A4ACEEC27E10ADD0064541F /* NewsSourceListViewModel.swift */ = {isa = PBXFileReference; lastKnownFileType = sourcecode.swift; path = NewsSourceListViewModel.swift; sourceTree = "<group>"; };
/* End PBXFileReference section */

/* Begin PBXFrameworksBuildPhase section */
		9A4ACEC627E108910064541F /* Frameworks */ = {
			isa = PBXFrameworksBuildPhase;
			buildActionMask = 2147483647;
			files = (
			);
			runOnlyForDeploymentPostprocessing = 0;
		};
/* End PBXFrameworksBuildPhase section */

/* Begin PBXGroup section */
		9A4ACEC027E108910064541F = {
			isa = PBXGroup;
			children = (
				9A4ACECB27E108910064541F /* NewsApp-SwiftUI */,
				9A4ACECC27E108910064541F /* NewsApp_SwiftUIApp.swift */,
				9A4ACECA27E108910064541F /* Products */,
			);
			sourceTree = "<group>";
		};
		9A4ACECA27E108910064541F /* Products */ = {
			isa = PBXGroup;
			children = (
				9A4ACEC927E108910064541F /* NewsApp-SwiftUI.app */,
			);
			name = Products;
			sourceTree = "<group>";
		};
		9A4ACECB27E108910064541F /* NewsApp-SwiftUI */ = {
			isa = PBXGroup;
			children = (
				9A4ACEDE27E109260064541F /* Views */,
				9A4ACEE127E109570064541F /* Services */,
				9A4ACEE427E1097D0064541F /* Utils */,
				9A4ACEE927E10A990064541F /* Models */,
				9A4ACF1627E1ED090064541F /* ViewModels */,
				9A4ACED027E108950064541F /* Assets.xcassets */,
				9A4ACED227E108950064541F /* Preview Content */,
			);
			path = "NewsApp-SwiftUI";
			sourceTree = "<group>";
		};
		9A4ACED227E108950064541F /* Preview Content */ = {
			isa = PBXGroup;
			children = (
				9A4ACED327E108950064541F /* Preview Assets.xcassets */,
			);
			path = "Preview Content";
			sourceTree = "<group>";
		};
		9A4ACEDE27E109260064541F /* Views */ = {
			isa = PBXGroup;
			children = (
				9A4ACEDA27E108F50064541F /* NewsSourceListScreen.swift */,
				9A4ACEDC27E109160064541F /* NewsListScreen.swift */,
			);
			path = Views;
			sourceTree = "<group>";
		};
		9A4ACEE127E109570064541F /* Services */ = {
			isa = PBXGroup;
			children = (
				9A4ACEDF27E109440064541F /* Webservice.swift */,
			);
			path = Services;
			sourceTree = "<group>";
		};
		9A4ACEE427E1097D0064541F /* Utils */ = {
			isa = PBXGroup;
			children = (
				9A4ACEE227E109720064541F /* Constants.swift */,
			);
			path = Utils;
			sourceTree = "<group>";
		};
		9A4ACEE927E10A990064541F /* Models */ = {
			isa = PBXGroup;
			children = (
				9A4ACEE527E1099E0064541F /* NewsArticle.swift */,
				9A4ACEE727E109C80064541F /* NewsSource.swift */,
			);
			path = Models;
			sourceTree = "<group>";
		};
		9A4ACF1627E1ED090064541F /* ViewModels */ = {
			isa = PBXGroup;
			children = (
				9A4ACEEA27E10AC90064541F /* NewsArticleListViewModel.swift */,
				9A4ACEEC27E10ADD0064541F /* NewsSourceListViewModel.swift */,
			);
			path = ViewModels;
			sourceTree = "<group>";
		};
/* End PBXGroup section */

/* Begin PBXNativeTarget section */
		9A4ACEC827E108910064541F /* NewsApp-SwiftUI */ = {
			isa = PBXNativeTarget;
			buildConfigurationList = 9A4ACED727E108950064541F /* Build configuration list for PBXNativeTarget "NewsApp-SwiftUI" */;
			buildPhases = (
				9A4ACEC527E108910064541F /* Sources */,
				9A4ACEC627E108910064541F /* Frameworks */,
				9A4ACEC727E108910064541F /* Resources */,
			);
			buildRules = (
			);
			dependencies = (
			);
			name = "NewsApp-SwiftUI";
			productName = "NewsApp-SwiftUI";
			productReference = 9A4ACEC927E108910064541F /* NewsApp-SwiftUI.app */;
			productType = "com.apple.product-type.application";
		};
/* End PBXNativeTarget section */

/* Begin PBXProject section */
		9A4ACEC127E108910064541F /* Project object */ = {
			isa = PBXProject;
			attributes = {
				BuildIndependentTargetsInParallel = 1;
				LastSwiftUpdateCheck = 1320;
				LastUpgradeCheck = 1320;
				TargetAttributes = {
					9A4ACEC827E108910064541F = {
						CreatedOnToolsVersion = 13.2.1;
					};
				};
			};
			buildConfigurationList = 9A4ACEC427E108910064541F /* Build configuration list for PBXProject "NewsApp-SwiftUI" */;
			compatibilityVersion = "Xcode 13.0";
			developmentRegion = en;
			hasScannedForEncodings = 0;
			knownRegions = (
				en,
				Base,
			);
			mainGroup = 9A4ACEC027E108910064541F;
			productRefGroup = 9A4ACECA27E108910064541F /* Products */;
			projectDirPath = "";
			projectRoot = "";
			targets = (
				9A4ACEC827E108910064541F /* NewsApp-SwiftUI */,
			);
		};
/* End PBXProject section */

/* Begin PBXResourcesBuildPhase section */
		9A4ACEC727E108910064541F /* Resources */ = {
			isa = PBXResourcesBuildPhase;
			buildActionMask = 2147483647;
			files = (
				9A4ACED427E108950064541F /* Preview Assets.xcassets in Resources */,
				9A4ACED127E108950064541F /* Assets.xcassets in Resources */,
			);
			runOnlyForDeploymentPostprocessing = 0;
		};
/* End PBXResourcesBuildPhase section */

/* Begin PBXSourcesBuildPhase section */
		9A4ACEC527E108910064541F /* Sources */ = {
			isa = PBXSourcesBuildPhase;
			buildActionMask = 2147483647;
			files = (
				9A4ACEE327E109720064541F /* Constants.swift in Sources */,
				9A4ACEE627E1099E0064541F /* NewsArticle.swift in Sources */,
				9A4ACEEB27E10AC90064541F /* NewsArticleListViewModel.swift in Sources */,
				9A4ACEED27E10ADD0064541F /* NewsSourceListViewModel.swift in Sources */,
				9A4ACEE827E109C80064541F /* NewsSource.swift in Sources */,
				9A4ACEDD27E109160064541F /* NewsListScreen.swift in Sources */,
				9A4ACEDB27E108F50064541F /* NewsSourceListScreen.swift in Sources */,
				9A4ACEE027E109440064541F /* Webservice.swift in Sources */,
				9A4ACECD27E108910064541F /* NewsApp_SwiftUIApp.swift in Sources */,
			);
			runOnlyForDeploymentPostprocessing = 0;
		};
/* End PBXSourcesBuildPhase section */

/* Begin XCBuildConfiguration section */
		9A4ACED527E108950064541F /* Debug */ = {
			isa = XCBuildConfiguration;
			buildSettings = {
				ALWAYS_SEARCH_USER_PATHS = NO;
				CLANG_ANALYZER_NONNULL = YES;
				CLANG_ANALYZER_NUMBER_OBJECT_CONVERSION = YES_AGGRESSIVE;
				CLANG_CXX_LANGUAGE_STANDARD = "gnu++17";
				CLANG_CXX_LIBRARY = "libc++";
				CLANG_ENABLE_MODULES = YES;
				CLANG_ENABLE_OBJC_ARC = YES;
				CLANG_ENABLE_OBJC_WEAK = YES;
				CLANG_WARN_BLOCK_CAPTURE_AUTORELEASING = YES;
				CLANG_WARN_BOOL_CONVERSION = YES;
				CLANG_WARN_COMMA = YES;
				CLANG_WARN_CONSTANT_CONVERSION = YES;
				CLANG_WARN_DEPRECATED_OBJC_IMPLEMENTATIONS = YES;
				CLANG_WARN_DIRECT_OBJC_ISA_USAGE = YES_ERROR;
				CLANG_WARN_DOCUMENTATION_COMMENTS = YES;
				CLANG_WARN_EMPTY_BODY = YES;
				CLANG_WARN_ENUM_CONVERSION = YES;
				CLANG_WARN_INFINITE_RECURSION = YES;
				CLANG_WARN_INT_CONVERSION = YES;
				CLANG_WARN_NON_LITERAL_NULL_CONVERSION = YES;
				CLANG_WARN_OBJC_IMPLICIT_RETAIN_SELF = YES;
				CLANG_WARN_OBJC_LITERAL_CONVERSION = YES;
				CLANG_WARN_OBJC_ROOT_CLASS = YES_ERROR;
				CLANG_WARN_QUOTED_INCLUDE_IN_FRAMEWORK_HEADER = YES;
				CLANG_WARN_RANGE_LOOP_ANALYSIS = YES;
				CLANG_WARN_STRICT_PROTOTYPES = YES;
				CLANG_WARN_SUSPICIOUS_MOVE = YES;
				CLANG_WARN_UNGUARDED_AVAILABILITY = YES_AGGRESSIVE;
				CLANG_WARN_UNREACHABLE_CODE = YES;
				CLANG_WARN__DUPLICATE_METHOD_MATCH = YES;
				COPY_PHASE_STRIP = NO;
				DEBUG_INFORMATION_FORMAT = dwarf;
				ENABLE_STRICT_OBJC_MSGSEND = YES;
				ENABLE_TESTABILITY = YES;
				GCC_C_LANGUAGE_STANDARD = gnu11;
				GCC_DYNAMIC_NO_PIC = NO;
				GCC_NO_COMMON_BLOCKS = YES;
				GCC_OPTIMIZATION_LEVEL = 0;
				GCC_PREPROCESSOR_DEFINITIONS = (
					"DEBUG=1",
					"$(inherited)",
				);
				GCC_WARN_64_TO_32_BIT_CONVERSION = YES;
				GCC_WARN_ABOUT_RETURN_TYPE = YES_ERROR;
				GCC_WARN_UNDECLARED_SELECTOR = YES;
				GCC_WARN_UNINITIALIZED_AUTOS = YES_AGGRESSIVE;
				GCC_WARN_UNUSED_FUNCTION = YES;
				GCC_WARN_UNUSED_VARIABLE = YES;
				IPHONEOS_DEPLOYMENT_TARGET = 15.2;
				MTL_ENABLE_DEBUG_INFO = INCLUDE_SOURCE;
				MTL_FAST_MATH = YES;
				ONLY_ACTIVE_ARCH = YES;
				SDKROOT = iphoneos;
				SWIFT_ACTIVE_COMPILATION_CONDITIONS = DEBUG;
				SWIFT_OPTIMIZATION_LEVEL = "-Onone";
			};
			name = Debug;
		};
		9A4ACED627E108950064541F /* Release */ = {
			isa = XCBuildConfiguration;
			buildSettings = {
				ALWAYS_SEARCH_USER_PATHS = NO;
				CLANG_ANALYZER_NONNULL = YES;
				CLANG_ANALYZER_NUMBER_OBJECT_CONVERSION = YES_AGGRESSIVE;
				CLANG_CXX_LANGUAGE_STANDARD = "gnu++17";
				CLANG_CXX_LIBRARY = "libc++";
				CLANG_ENABLE_MODULES = YES;
				CLANG_ENABLE_OBJC_ARC = YES;
				CLANG_ENABLE_OBJC_WEAK = YES;
				CLANG_WARN_BLOCK_CAPTURE_AUTORELEASING = YES;
				CLANG_WARN_BOOL_CONVERSION = YES;
				CLANG_WARN_COMMA = YES;
				CLANG_WARN_CONSTANT_CONVERSION = YES;
				CLANG_WARN_DEPRECATED_OBJC_IMPLEMENTATIONS = YES;
				CLANG_WARN_DIRECT_OBJC_ISA_USAGE = YES_ERROR;
				CLANG_WARN_DOCUMENTATION_COMMENTS = YES;
				CLANG_WARN_EMPTY_BODY = YES;
				CLANG_WARN_ENUM_CONVERSION = YES;
				CLANG_WARN_INFINITE_RECURSION = YES;
				CLANG_WARN_INT_CONVERSION = YES;
				CLANG_WARN_NON_LITERAL_NULL_CONVERSION = YES;
				CLANG_WARN_OBJC_IMPLICIT_RETAIN_SELF = YES;
				CLANG_WARN_OBJC_LITERAL_CONVERSION = YES;
				CLANG_WARN_OBJC_ROOT_CLASS = YES_ERROR;
				CLANG_WARN_QUOTED_INCLUDE_IN_FRAMEWORK_HEADER = YES;
				CLANG_WARN_RANGE_LOOP_ANALYSIS = YES;
				CLANG_WARN_STRICT_PROTOTYPES = YES;
				CLANG_WARN_SUSPICIOUS_MOVE = YES;
				CLANG_WARN_UNGUARDED_AVAILABILITY = YES_AGGRESSIVE;
				CLANG_WARN_UNREACHABLE_CODE = YES;
				CLANG_WARN__DUPLICATE_METHOD_MATCH = YES;
				COPY_PHASE_STRIP = NO;
				DEBUG_INFORMATION_FORMAT = "dwarf-with-dsym";
				ENABLE_NS_ASSERTIONS = NO;
				ENABLE_STRICT_OBJC_MSGSEND = YES;
				GCC_C_LANGUAGE_STANDARD = gnu11;
				GCC_NO_COMMON_BLOCKS = YES;
				GCC_WARN_64_TO_32_BIT_CONVERSION = YES;
				GCC_WARN_ABOUT_RETURN_TYPE = YES_ERROR;
				GCC_WARN_UNDECLARED_SELECTOR = YES;
				GCC_WARN_UNINITIALIZED_AUTOS = YES_AGGRESSIVE;
				GCC_WARN_UNUSED_FUNCTION = YES;
				GCC_WARN_UNUSED_VARIABLE = YES;
				IPHONEOS_DEPLOYMENT_TARGET = 15.2;
				MTL_ENABLE_DEBUG_INFO = NO;
				MTL_FAST_MATH = YES;
				SDKROOT = iphoneos;
				SWIFT_COMPILATION_MODE = wholemodule;
				SWIFT_OPTIMIZATION_LEVEL = "-O";
				VALIDATE_PRODUCT = YES;
			};
			name = Release;
		};
		9A4ACED827E108950064541F /* Debug */ = {
			isa = XCBuildConfiguration;
			buildSettings = {
				ASSETCATALOG_COMPILER_APPICON_NAME = AppIcon;
				ASSETCATALOG_COMPILER_GLOBAL_ACCENT_COLOR_NAME = AccentColor;
				CODE_SIGN_STYLE = Automatic;
				CURRENT_PROJECT_VERSION = 1;
				DEVELOPMENT_ASSET_PATHS = "\"NewsApp-SwiftUI/Preview Content\"";
				DEVELOPMENT_TEAM = QU2XBTHQ37;
				ENABLE_PREVIEWS = YES;
				GENERATE_INFOPLIST_FILE = YES;
				INFOPLIST_KEY_UIApplicationSceneManifest_Generation = YES;
				INFOPLIST_KEY_UIApplicationSupportsIndirectInputEvents = YES;
				INFOPLIST_KEY_UILaunchScreen_Generation = YES;
				INFOPLIST_KEY_UISupportedInterfaceOrientations_iPad = "UIInterfaceOrientationPortrait UIInterfaceOrientationPortraitUpsideDown UIInterfaceOrientationLandscapeLeft UIInterfaceOrientationLandscapeRight";
				INFOPLIST_KEY_UISupportedInterfaceOrientations_iPhone = "UIInterfaceOrientationPortrait UIInterfaceOrientationLandscapeLeft UIInterfaceOrientationLandscapeRight";
				LD_RUNPATH_SEARCH_PATHS = (
					"$(inherited)",
					"@executable_path/Frameworks",
				);
				MARKETING_VERSION = 1.0;
				PRODUCT_BUNDLE_IDENTIFIER = "com.alexmosunov.NewsApp-SwiftUI";
				PRODUCT_NAME = "$(TARGET_NAME)";
				SWIFT_EMIT_LOC_STRINGS = YES;
				SWIFT_VERSION = 5.0;
				TARGETED_DEVICE_FAMILY = "1,2";
			};
			name = Debug;
		};
		9A4ACED927E108950064541F /* Release */ = {
			isa = XCBuildConfiguration;
			buildSettings = {
				ASSETCATALOG_COMPILER_APPICON_NAME = AppIcon;
				ASSETCATALOG_COMPILER_GLOBAL_ACCENT_COLOR_NAME = AccentColor;
				CODE_SIGN_STYLE = Automatic;
				CURRENT_PROJECT_VERSION = 1;
				DEVELOPMENT_ASSET_PATHS = "\"NewsApp-SwiftUI/Preview Content\"";
				DEVELOPMENT_TEAM = QU2XBTHQ37;
				ENABLE_PREVIEWS = YES;
				GENERATE_INFOPLIST_FILE = YES;
				INFOPLIST_KEY_UIApplicationSceneManifest_Generation = YES;
				INFOPLIST_KEY_UIApplicationSupportsIndirectInputEvents = YES;
				INFOPLIST_KEY_UILaunchScreen_Generation = YES;
				INFOPLIST_KEY_UISupportedInterfaceOrientations_iPad = "UIInterfaceOrientationPortrait UIInterfaceOrientationPortraitUpsideDown UIInterfaceOrientationLandscapeLeft UIInterfaceOrientationLandscapeRight";
				INFOPLIST_KEY_UISupportedInterfaceOrientations_iPhone = "UIInterfaceOrientationPortrait UIInterfaceOrientationLandscapeLeft UIInterfaceOrientationLandscapeRight";
				LD_RUNPATH_SEARCH_PATHS = (
					"$(inherited)",
					"@executable_path/Frameworks",
				);
				MARKETING_VERSION = 1.0;
				PRODUCT_BUNDLE_IDENTIFIER = "com.alexmosunov.NewsApp-SwiftUI";
				PRODUCT_NAME = "$(TARGET_NAME)";
				SWIFT_EMIT_LOC_STRINGS = YES;
				SWIFT_VERSION = 5.0;
				TARGETED_DEVICE_FAMILY = "1,2";
			};
			name = Release;
		};
/* End XCBuildConfiguration section */

/* Begin XCConfigurationList section */
		9A4ACEC427E108910064541F /* Build configuration list for PBXProject "NewsApp-SwiftUI" */ = {
			isa = XCConfigurationList;
			buildConfigurations = (
				9A4ACED527E108950064541F /* Debug */,
				9A4ACED627E108950064541F /* Release */,
			);
			defaultConfigurationIsVisible = 0;
			defaultConfigurationName = Release;
		};
		9A4ACED727E108950064541F /* Build configuration list for PBXNativeTarget "NewsApp-SwiftUI" */ = {
			isa = XCConfigurationList;
			buildConfigurations = (
				9A4ACED827E108950064541F /* Debug */,
				9A4ACED927E108950064541F /* Release */,
			);
			defaultConfigurationIsVisible = 0;
			defaultConfigurationName = Release;
		};
/* End XCConfigurationList section */
	};
	rootObject = 9A4ACEC127E108910064541F /* Project object */;
}
